
Microsoft Visual Studio Solution File, Format Version 12.00
Project("{F2A71F9B-5D33-465A-A702-920D77279786}") = "Sanchez.Console", "Sanchez.Console\Sanchez.Console.fsproj", "{2811968E-C269-47CE-9B97-0F7A41C2B7BC}"
EndProject
Project("{2150E333-8FDC-42A3-9474-1A3956D46DE8}") = "OOS", "OOS", "{3A68249C-B347-4F21-8266-0C60E79C1CE5}"
EndProject
Project("{2150E333-8FDC-42A3-9474-1A3956D46DE8}") = "Serializer", "Serializer", "{E55DDCCB-A949-43D6-9C0B-F2A33B6E3A54}"
EndProject
Project("{F2A71F9B-5D33-465A-A702-920D77279786}") = "Sanchez.Serializer", "Sanchez.Serializer\Sanchez.Serializer.fsproj", "{94A49300-4A0D-49C2-940B-72172F7CFA83}"
EndProject
Project("{F2A71F9B-5D33-465A-A702-920D77279786}") = "Sanchez.Serializer.Tests", "Sanchez.Serializer.Tests\Sanchez.Serializer.Tests.fsproj", "{EC79FDFF-32AA-4716-A4CB-3445F69365B6}"
EndProject
Project("{F2A71F9B-5D33-465A-A702-920D77279786}") = "Sanchez.OOS.Client", "Sanchez.OOS.Client\Sanchez.OOS.Client.fsproj", "{717E21E5-8D91-4B39-9443-87C58DA1DC8A}"
EndProject
Project("{F2A71F9B-5D33-465A-A702-920D77279786}") = "Sanchez.OOS.Server", "Sanchez.OOS.Server\Sanchez.OOS.Server.fsproj", "{D2E7A371-3798-41CE-8508-C501800F6905}"
EndProject
Project("{F2A71F9B-5D33-465A-A702-920D77279786}") = "Sanchez.OOS.Core", "Sanchez.OOS.Core\Sanchez.OOS.Core.fsproj", "{148FC456-332E-449C-B0C1-CC263C91C746}"
EndProject
Project("{2150E333-8FDC-42A3-9474-1A3956D46DE8}") = "Socker", "Socker", "{DF509916-1188-453A-AEE7-698F8DF6E590}"
EndProject
Project("{F2A71F9B-5D33-465A-A702-920D77279786}") = "Sanchez.Socker", "Sanchez.Socker\Sanchez.Socker.fsproj", "{CBFA6DF7-70DF-4B13-A62A-40A5F180A932}"
EndProject
Project("{2150E333-8FDC-42A3-9474-1A3956D46DE8}") = "Data", "Data", "{FFA57BA0-1049-4C59-97C7-CFB3B5EA468D}"
EndProject
Project("{F2A71F9B-5D33-465A-A702-920D77279786}") = "Sanchez.Data", "Sanchez.Data\Sanchez.Data.fsproj", "{74E02FD5-E600-499A-878F-46B667BD2F08}"
EndProject
Project("{2150E333-8FDC-42A3-9474-1A3956D46DE8}") = "Game", "Game", "{5DC9C70E-FA7D-4CD4-A521-48E7895CB3EE}"
EndProject
Project("{F2A71F9B-5D33-465A-A702-920D77279786}") = "Sanchez.Game.Platformer", "Sanchez.Game.Platformer\Sanchez.Game.Platformer.fsproj", "{CEDAC448-4319-4895-ACCF-DE8E40B0B822}"
EndProject
Project("{F2A71F9B-5D33-465A-A702-920D77279786}") = "Sanchez.Game.Platformer.Sample", "Sanchez.Game.Platformer.Sample\Sanchez.Game.Platformer.Sample.fsproj", "{8A649BE9-07AB-443A-87F4-91B56B42CC3E}"
EndProject
Global
	GlobalSection(SolutionConfigurationPlatforms) = preSolution
		Debug|Any CPU = Debug|Any CPU
		Release|Any CPU = Release|Any CPU
	EndGlobalSection
	GlobalSection(ProjectConfigurationPlatforms) = postSolution
		{2811968E-C269-47CE-9B97-0F7A41C2B7BC}.Debug|Any CPU.ActiveCfg = Debug|Any CPU
		{2811968E-C269-47CE-9B97-0F7A41C2B7BC}.Debug|Any CPU.Build.0 = Debug|Any CPU
		{2811968E-C269-47CE-9B97-0F7A41C2B7BC}.Release|Any CPU.ActiveCfg = Release|Any CPU
		{2811968E-C269-47CE-9B97-0F7A41C2B7BC}.Release|Any CPU.Build.0 = Release|Any CPU
		{94A49300-4A0D-49C2-940B-72172F7CFA83}.Debug|Any CPU.ActiveCfg = Debug|Any CPU
		{94A49300-4A0D-49C2-940B-72172F7CFA83}.Debug|Any CPU.Build.0 = Debug|Any CPU
		{94A49300-4A0D-49C2-940B-72172F7CFA83}.Release|Any CPU.ActiveCfg = Release|Any CPU
		{94A49300-4A0D-49C2-940B-72172F7CFA83}.Release|Any CPU.Build.0 = Release|Any CPU
		{EC79FDFF-32AA-4716-A4CB-3445F69365B6}.Debug|Any CPU.ActiveCfg = Debug|Any CPU
		{EC79FDFF-32AA-4716-A4CB-3445F69365B6}.Debug|Any CPU.Build.0 = Debug|Any CPU
		{EC79FDFF-32AA-4716-A4CB-3445F69365B6}.Release|Any CPU.ActiveCfg = Release|Any CPU
		{EC79FDFF-32AA-4716-A4CB-3445F69365B6}.Release|Any CPU.Build.0 = Release|Any CPU
		{717E21E5-8D91-4B39-9443-87C58DA1DC8A}.Debug|Any CPU.ActiveCfg = Debug|Any CPU
		{717E21E5-8D91-4B39-9443-87C58DA1DC8A}.Debug|Any CPU.Build.0 = Debug|Any CPU
		{717E21E5-8D91-4B39-9443-87C58DA1DC8A}.Release|Any CPU.ActiveCfg = Release|Any CPU
		{717E21E5-8D91-4B39-9443-87C58DA1DC8A}.Release|Any CPU.Build.0 = Release|Any CPU
		{D2E7A371-3798-41CE-8508-C501800F6905}.Debug|Any CPU.ActiveCfg = Debug|Any CPU
		{D2E7A371-3798-41CE-8508-C501800F6905}.Debug|Any CPU.Build.0 = Debug|Any CPU
		{D2E7A371-3798-41CE-8508-C501800F6905}.Release|Any CPU.ActiveCfg = Release|Any CPU
		{D2E7A371-3798-41CE-8508-C501800F6905}.Release|Any CPU.Build.0 = Release|Any CPU
		{148FC456-332E-449C-B0C1-CC263C91C746}.Debug|Any CPU.ActiveCfg = Debug|Any CPU
		{148FC456-332E-449C-B0C1-CC263C91C746}.Debug|Any CPU.Build.0 = Debug|Any CPU
		{148FC456-332E-449C-B0C1-CC263C91C746}.Release|Any CPU.ActiveCfg = Release|Any CPU
		{148FC456-332E-449C-B0C1-CC263C91C746}.Release|Any CPU.Build.0 = Release|Any CPU
		{CBFA6DF7-70DF-4B13-A62A-40A5F180A932}.Debug|Any CPU.ActiveCfg = Debug|Any CPU
		{CBFA6DF7-70DF-4B13-A62A-40A5F180A932}.Debug|Any CPU.Build.0 = Debug|Any CPU
		{CBFA6DF7-70DF-4B13-A62A-40A5F180A932}.Release|Any CPU.ActiveCfg = Release|Any CPU
		{CBFA6DF7-70DF-4B13-A62A-40A5F180A932}.Release|Any CPU.Build.0 = Release|Any CPU
		{74E02FD5-E600-499A-878F-46B667BD2F08}.Debug|Any CPU.ActiveCfg = Debug|Any CPU
		{74E02FD5-E600-499A-878F-46B667BD2F08}.Debug|Any CPU.Build.0 = Debug|Any CPU
		{74E02FD5-E600-499A-878F-46B667BD2F08}.Release|Any CPU.ActiveCfg = Release|Any CPU
		{74E02FD5-E600-499A-878F-46B667BD2F08}.Release|Any CPU.Build.0 = Release|Any CPU
		{CEDAC448-4319-4895-ACCF-DE8E40B0B822}.Debug|Any CPU.ActiveCfg = Debug|Any CPU
		{CEDAC448-4319-4895-ACCF-DE8E40B0B822}.Debug|Any CPU.Build.0 = Debug|Any CPU
		{CEDAC448-4319-4895-ACCF-DE8E40B0B822}.Release|Any CPU.ActiveCfg = Release|Any CPU
		{CEDAC448-4319-4895-ACCF-DE8E40B0B822}.Release|Any CPU.Build.0 = Release|Any CPU
		{8A649BE9-07AB-443A-87F4-91B56B42CC3E}.Debug|Any CPU.ActiveCfg = Debug|Any CPU
		{8A649BE9-07AB-443A-87F4-91B56B42CC3E}.Debug|Any CPU.Build.0 = Debug|Any CPU
		{8A649BE9-07AB-443A-87F4-91B56B42CC3E}.Release|Any CPU.ActiveCfg = Release|Any CPU
		{8A649BE9-07AB-443A-87F4-91B56B42CC3E}.Release|Any CPU.Build.0 = Release|Any CPU
	EndGlobalSection
	GlobalSection(NestedProjects) = preSolution
		{94A49300-4A0D-49C2-940B-72172F7CFA83} = {E55DDCCB-A949-43D6-9C0B-F2A33B6E3A54}
		{EC79FDFF-32AA-4716-A4CB-3445F69365B6} = {E55DDCCB-A949-43D6-9C0B-F2A33B6E3A54}
		{717E21E5-8D91-4B39-9443-87C58DA1DC8A} = {3A68249C-B347-4F21-8266-0C60E79C1CE5}
		{D2E7A371-3798-41CE-8508-C501800F6905} = {3A68249C-B347-4F21-8266-0C60E79C1CE5}
		{148FC456-332E-449C-B0C1-CC263C91C746} = {3A68249C-B347-4F21-8266-0C60E79C1CE5}
		{CBFA6DF7-70DF-4B13-A62A-40A5F180A932} = {DF509916-1188-453A-AEE7-698F8DF6E590}
		{74E02FD5-E600-499A-878F-46B667BD2F08} = {FFA57BA0-1049-4C59-97C7-CFB3B5EA468D}
		{CEDAC448-4319-4895-ACCF-DE8E40B0B822} = {5DC9C70E-FA7D-4CD4-A521-48E7895CB3EE}
		{8A649BE9-07AB-443A-87F4-91B56B42CC3E} = {5DC9C70E-FA7D-4CD4-A521-48E7895CB3EE}
	EndGlobalSection
EndGlobal
